
Microsoft Visual Studio Solution File, Format Version 12.00
# Visual Studio Version 16
VisualStudioVersion = 16.0.29424.173
MinimumVisualStudioVersion = 10.0.40219.1
Project("{FAE04EC0-301F-11D3-BF4B-00C04F79EFBC}") = "Moviepro", "Moviepro\Moviepro.csproj", "{C7611C1E-2100-4BCE-95B4-7C1F3B1C3A97}"
EndProject
Global
	GlobalSection(SolutionConfigurationPlatforms) = preSolution
		Debug|Any CPU = Debug|Any CPU
		Release|Any CPU = Release|Any CPU
	EndGlobalSection
	GlobalSection(ProjectConfigurationPlatforms) = postSolution
		{C7611C1E-2100-4BCE-95B4-7C1F3B1C3A97}.Debug|Any CPU.ActiveCfg = Debug|Any CPU
		{C7611C1E-2100-4BCE-95B4-7C1F3B1C3A97}.Debug|Any CPU.Build.0 = Debug|Any CPU
		{C7611C1E-2100-4BCE-95B4-7C1F3B1C3A97}.Release|Any CPU.ActiveCfg = Release|Any CPU
		{C7611C1E-2100-4BCE-95B4-7C1F3B1C3A97}.Release|Any CPU.Build.0 = Release|Any CPU
	EndGlobalSection
	GlobalSection(SolutionProperties) = preSolution
		HideSolutionNode = FALSE
	EndGlobalSection
	GlobalSection(ExtensibilityGlobals) = postSolution
		SolutionGuid = {B10A9597-2B5A-470F-A237-19535247ABAF}
	EndGlobalSection
EndGlobal
